
Microsoft Visual Studio Solution File, Format Version 12.00
# Visual Studio Version 17
VisualStudioVersion = 17.11.35327.3
MinimumVisualStudioVersion = 10.0.40219.1
Project("{9A19103F-16F7-4668-BE54-9A1E7A4F7556}") = "EventManager.Service", "EventManager.Service.csproj", "{724A56CA-4F3C-4042-A5C6-DE0AB9E9636B}"
EndProject
Project("{9A19103F-16F7-4668-BE54-9A1E7A4F7556}") = "EventManager.Service.Tests", "..\EventManager.Service.Tests\EventManager.Service.Tests.csproj", "{3AF61F2B-F4D8-427F-9123-6577B68A085A}"
EndProject
Project("{9A19103F-16F7-4668-BE54-9A1E7A4F7556}") = "EventManager.ConsoleApp", "..\EventManager.ConsoleApp\EventManager.ConsoleApp.csproj", "{FA9579E6-5EEC-4E6D-8857-6125373E3390}"
EndProject
Project("{FAE04EC0-301F-11D3-BF4B-00C04F79EFBC}") = "EventService.Api", "..\EventService.Api\EventService.Api.csproj", "{B505D0E5-AB1C-4BE8-8A9B-FDA7DCB200D5}"
EndProject
Global
	GlobalSection(SolutionConfigurationPlatforms) = preSolution
		Debug|Any CPU = Debug|Any CPU
		Release|Any CPU = Release|Any CPU
	EndGlobalSection
	GlobalSection(ProjectConfigurationPlatforms) = postSolution
		{724A56CA-4F3C-4042-A5C6-DE0AB9E9636B}.Debug|Any CPU.ActiveCfg = Debug|Any CPU
		{724A56CA-4F3C-4042-A5C6-DE0AB9E9636B}.Debug|Any CPU.Build.0 = Debug|Any CPU
		{724A56CA-4F3C-4042-A5C6-DE0AB9E9636B}.Release|Any CPU.ActiveCfg = Release|Any CPU
		{724A56CA-4F3C-4042-A5C6-DE0AB9E9636B}.Release|Any CPU.Build.0 = Release|Any CPU
		{3AF61F2B-F4D8-427F-9123-6577B68A085A}.Debug|Any CPU.ActiveCfg = Debug|Any CPU
		{3AF61F2B-F4D8-427F-9123-6577B68A085A}.Debug|Any CPU.Build.0 = Debug|Any CPU
		{3AF61F2B-F4D8-427F-9123-6577B68A085A}.Release|Any CPU.ActiveCfg = Release|Any CPU
		{3AF61F2B-F4D8-427F-9123-6577B68A085A}.Release|Any CPU.Build.0 = Release|Any CPU
		{FA9579E6-5EEC-4E6D-8857-6125373E3390}.Debug|Any CPU.ActiveCfg = Debug|Any CPU
		{FA9579E6-5EEC-4E6D-8857-6125373E3390}.Debug|Any CPU.Build.0 = Debug|Any CPU
		{FA9579E6-5EEC-4E6D-8857-6125373E3390}.Release|Any CPU.ActiveCfg = Release|Any CPU
		{FA9579E6-5EEC-4E6D-8857-6125373E3390}.Release|Any CPU.Build.0 = Release|Any CPU
		{B505D0E5-AB1C-4BE8-8A9B-FDA7DCB200D5}.Debug|Any CPU.ActiveCfg = Debug|Any CPU
		{B505D0E5-AB1C-4BE8-8A9B-FDA7DCB200D5}.Debug|Any CPU.Build.0 = Debug|Any CPU
		{B505D0E5-AB1C-4BE8-8A9B-FDA7DCB200D5}.Release|Any CPU.ActiveCfg = Release|Any CPU
		{B505D0E5-AB1C-4BE8-8A9B-FDA7DCB200D5}.Release|Any CPU.Build.0 = Release|Any CPU
	EndGlobalSection
	GlobalSection(SolutionProperties) = preSolution
		HideSolutionNode = FALSE
	EndGlobalSection
	GlobalSection(ExtensibilityGlobals) = postSolution
		SolutionGuid = {8E966E55-C07A-4E19-A4C4-27FE7D010F6A}
	EndGlobalSection
EndGlobal
