
Microsoft Visual Studio Solution File, Format Version 12.00
# Visual Studio Version 17
VisualStudioVersion = 17.11.35327.3
MinimumVisualStudioVersion = 10.0.40219.1
Project("{9A19103F-16F7-4668-BE54-9A1E7A4F7556}") = "EventManager.Service", "EventManager.Service.csproj", "{724A56CA-4F3C-4042-A5C6-DE0AB9E9636B}"
EndProject
Project("{9A19103F-16F7-4668-BE54-9A1E7A4F7556}") = "EventManager.Service.Tests", "..\EventManager.Service.Tests\EventManager.Service.Tests.csproj", "{3AF61F2B-F4D8-427F-9123-6577B68A085A}"
EndProject
Project("{9A19103F-16F7-4668-BE54-9A1E7A4F7556}") = "EventManager.ConsoleApp", "..\EventManager.ConsoleApp\EventManager.ConsoleApp.csproj", "{FA9579E6-5EEC-4E6D-8857-6125373E3390}"
EndProject
Project("{9A19103F-16F7-4668-BE54-9A1E7A4F7556}") = "EventService.Api", "..\EventService.Api\EventService.Api.csproj", "{B505D0E5-AB1C-4BE8-8A9B-FDA7DCB200D5}"
EndProject
Project("{9A19103F-16F7-4668-BE54-9A1E7A4F7556}") = "EventManager.Domain", "..\EventManager.Domain\EventManager.Domain.csproj", "{3AE3EBBA-5B88-44BA-99CF-93D9B45D047E}"
EndProject
Project("{9A19103F-16F7-4668-BE54-9A1E7A4F7556}") = "EventManager.FileRepository", "..\EventManager.FileRepository\EventManager.FileRepository.csproj", "{D27D367B-3820-4B46-B553-629D6F37D1C8}"
EndProject
Project("{2150E333-8FDC-42A3-9474-1A3956D46DE8}") = "Domain", "Domain", "{75416597-1517-4134-805B-C6FDC5B1ED20}"
EndProject
Project("{2150E333-8FDC-42A3-9474-1A3956D46DE8}") = "Application", "Application", "{8C7A939E-7BC2-4DAF-A7DE-DA0FEB014765}"
EndProject
Project("{2150E333-8FDC-42A3-9474-1A3956D46DE8}") = "DataAccess", "DataAccess", "{844C3BEF-C553-41C1-84B2-9871CCDBED38}"
EndProject
Project("{2150E333-8FDC-42A3-9474-1A3956D46DE8}") = "Tests", "Tests", "{4528A443-8A8B-4A7B-9012-C6C7F4910C29}"
EndProject
Project("{2150E333-8FDC-42A3-9474-1A3956D46DE8}") = "Presentation", "Presentation", "{D7336465-A2EF-4137-B0C3-053280546453}"
EndProject
Project("{FAE04EC0-301F-11D3-BF4B-00C04F79EFBC}") = "InMemoryRepo", "..\InMemoryRepo\InMemoryRepo.csproj", "{3D6228C2-DC7D-44A9-B797-673B4ACF7A93}"
EndProject
Global
	GlobalSection(SolutionConfigurationPlatforms) = preSolution
		Debug|Any CPU = Debug|Any CPU
		Release|Any CPU = Release|Any CPU
	EndGlobalSection
	GlobalSection(ProjectConfigurationPlatforms) = postSolution
		{724A56CA-4F3C-4042-A5C6-DE0AB9E9636B}.Debug|Any CPU.ActiveCfg = Debug|Any CPU
		{724A56CA-4F3C-4042-A5C6-DE0AB9E9636B}.Debug|Any CPU.Build.0 = Debug|Any CPU
		{724A56CA-4F3C-4042-A5C6-DE0AB9E9636B}.Release|Any CPU.ActiveCfg = Release|Any CPU
		{724A56CA-4F3C-4042-A5C6-DE0AB9E9636B}.Release|Any CPU.Build.0 = Release|Any CPU
		{3AF61F2B-F4D8-427F-9123-6577B68A085A}.Debug|Any CPU.ActiveCfg = Debug|Any CPU
		{3AF61F2B-F4D8-427F-9123-6577B68A085A}.Debug|Any CPU.Build.0 = Debug|Any CPU
		{3AF61F2B-F4D8-427F-9123-6577B68A085A}.Release|Any CPU.ActiveCfg = Release|Any CPU
		{3AF61F2B-F4D8-427F-9123-6577B68A085A}.Release|Any CPU.Build.0 = Release|Any CPU
		{FA9579E6-5EEC-4E6D-8857-6125373E3390}.Debug|Any CPU.ActiveCfg = Debug|Any CPU
		{FA9579E6-5EEC-4E6D-8857-6125373E3390}.Debug|Any CPU.Build.0 = Debug|Any CPU
		{FA9579E6-5EEC-4E6D-8857-6125373E3390}.Release|Any CPU.ActiveCfg = Release|Any CPU
		{FA9579E6-5EEC-4E6D-8857-6125373E3390}.Release|Any CPU.Build.0 = Release|Any CPU
		{B505D0E5-AB1C-4BE8-8A9B-FDA7DCB200D5}.Debug|Any CPU.ActiveCfg = Debug|Any CPU
		{B505D0E5-AB1C-4BE8-8A9B-FDA7DCB200D5}.Debug|Any CPU.Build.0 = Debug|Any CPU
		{B505D0E5-AB1C-4BE8-8A9B-FDA7DCB200D5}.Release|Any CPU.ActiveCfg = Release|Any CPU
		{B505D0E5-AB1C-4BE8-8A9B-FDA7DCB200D5}.Release|Any CPU.Build.0 = Release|Any CPU
		{3AE3EBBA-5B88-44BA-99CF-93D9B45D047E}.Debug|Any CPU.ActiveCfg = Debug|Any CPU
		{3AE3EBBA-5B88-44BA-99CF-93D9B45D047E}.Debug|Any CPU.Build.0 = Debug|Any CPU
		{3AE3EBBA-5B88-44BA-99CF-93D9B45D047E}.Release|Any CPU.ActiveCfg = Release|Any CPU
		{3AE3EBBA-5B88-44BA-99CF-93D9B45D047E}.Release|Any CPU.Build.0 = Release|Any CPU
		{D27D367B-3820-4B46-B553-629D6F37D1C8}.Debug|Any CPU.ActiveCfg = Debug|Any CPU
		{D27D367B-3820-4B46-B553-629D6F37D1C8}.Debug|Any CPU.Build.0 = Debug|Any CPU
		{D27D367B-3820-4B46-B553-629D6F37D1C8}.Release|Any CPU.ActiveCfg = Release|Any CPU
		{D27D367B-3820-4B46-B553-629D6F37D1C8}.Release|Any CPU.Build.0 = Release|Any CPU
		{3D6228C2-DC7D-44A9-B797-673B4ACF7A93}.Debug|Any CPU.ActiveCfg = Debug|Any CPU
		{3D6228C2-DC7D-44A9-B797-673B4ACF7A93}.Debug|Any CPU.Build.0 = Debug|Any CPU
		{3D6228C2-DC7D-44A9-B797-673B4ACF7A93}.Release|Any CPU.ActiveCfg = Release|Any CPU
		{3D6228C2-DC7D-44A9-B797-673B4ACF7A93}.Release|Any CPU.Build.0 = Release|Any CPU
	EndGlobalSection
	GlobalSection(SolutionProperties) = preSolution
		HideSolutionNode = FALSE
	EndGlobalSection
	GlobalSection(NestedProjects) = preSolution
		{724A56CA-4F3C-4042-A5C6-DE0AB9E9636B} = {8C7A939E-7BC2-4DAF-A7DE-DA0FEB014765}
		{3AF61F2B-F4D8-427F-9123-6577B68A085A} = {4528A443-8A8B-4A7B-9012-C6C7F4910C29}
		{FA9579E6-5EEC-4E6D-8857-6125373E3390} = {D7336465-A2EF-4137-B0C3-053280546453}
		{B505D0E5-AB1C-4BE8-8A9B-FDA7DCB200D5} = {D7336465-A2EF-4137-B0C3-053280546453}
		{3AE3EBBA-5B88-44BA-99CF-93D9B45D047E} = {75416597-1517-4134-805B-C6FDC5B1ED20}
		{D27D367B-3820-4B46-B553-629D6F37D1C8} = {844C3BEF-C553-41C1-84B2-9871CCDBED38}
		{3D6228C2-DC7D-44A9-B797-673B4ACF7A93} = {844C3BEF-C553-41C1-84B2-9871CCDBED38}
	EndGlobalSection
	GlobalSection(ExtensibilityGlobals) = postSolution
		SolutionGuid = {8E966E55-C07A-4E19-A4C4-27FE7D010F6A}
	EndGlobalSection
EndGlobal
